
Microsoft Visual Studio Solution File, Format Version 12.00
# Visual Studio Version 17
VisualStudioVersion = 17.6.33829.357
MinimumVisualStudioVersion = 10.0.40219.1
Project("{9A19103F-16F7-4668-BE54-9A1E7A4F7556}") = "Explorer.API", "Explorer.API\Explorer.API.csproj", "{09748A4E-D6AB-41B0-A577-CB56F6CCB326}"
EndProject
Project("{9A19103F-16F7-4668-BE54-9A1E7A4F7556}") = "Explorer.BuildingBlocks.Core", "BuildingBlocks\Explorer.BuildingBlocks.Core\Explorer.BuildingBlocks.Core.csproj", "{967EFC78-59BC-48DC-B18C-BB66F46B01A3}"
EndProject
Project("{9A19103F-16F7-4668-BE54-9A1E7A4F7556}") = "Explorer.BuildingBlocks.Infrastructure", "BuildingBlocks\Explorer.BuildingBlocks.Infrastructure\Explorer.BuildingBlocks.Infrastructure.csproj", "{8ED30A23-3F22-4D13-99AE-276800F84D9C}"
EndProject
Project("{9A19103F-16F7-4668-BE54-9A1E7A4F7556}") = "Explorer.BuildingBlocks.Tests", "BuildingBlocks\Explorer.BuildingBlocks.Tests\Explorer.BuildingBlocks.Tests.csproj", "{E5F3F9E5-4C37-4B74-A226-65A2BD4969D6}"
EndProject
Project("{2150E333-8FDC-42A3-9474-1A3956D46DE8}") = "BuildingBlocks", "BuildingBlocks", "{24B0B2F7-FD33-42E5-889E-5CC7E46D1773}"
EndProject
Project("{9A19103F-16F7-4668-BE54-9A1E7A4F7556}") = "Explorer.Architecture.Tests", "Explorer.Architecture.Tests\Explorer.Architecture.Tests.csproj", "{95D320E3-B421-43AF-B87F-D4E935540266}"
EndProject
Project("{2150E333-8FDC-42A3-9474-1A3956D46DE8}") = "Modules", "Modules", "{B8BD4B35-C40B-4BC6-9A8D-7FBE215FD1CE}"
EndProject
Project("{2150E333-8FDC-42A3-9474-1A3956D46DE8}") = "Tours", "Tours", "{8E6E6CF9-868D-405D-8626-88248F9F611D}"
EndProject
Project("{2150E333-8FDC-42A3-9474-1A3956D46DE8}") = "Stakeholders", "Stakeholders", "{C112C1F7-8B7E-48A9-BAA6-A09BE0ECAC3A}"
EndProject
Project("{9A19103F-16F7-4668-BE54-9A1E7A4F7556}") = "Explorer.Stakeholders.Core", "Modules\Stakeholders\Explorer.Stakeholders.Core\Explorer.Stakeholders.Core.csproj", "{965EAFCE-C069-4A22-A2D6-F2795DF6EF13}"
EndProject
Project("{9A19103F-16F7-4668-BE54-9A1E7A4F7556}") = "Explorer.Stakeholders.API", "Modules\Stakeholders\Explorer.Stakeholders.API\Explorer.Stakeholders.API.csproj", "{253D25ED-B813-4492-A6E7-E5D112013616}"
EndProject
Project("{9A19103F-16F7-4668-BE54-9A1E7A4F7556}") = "Explorer.Stakeholders.Infrastructure", "Modules\Stakeholders\Explorer.Stakeholders.Infrastructure\Explorer.Stakeholders.Infrastructure.csproj", "{FBD95BC8-27D6-4071-807D-55F2F8318BEA}"
EndProject
Project("{9A19103F-16F7-4668-BE54-9A1E7A4F7556}") = "Explorer.Stakeholders.Tests", "Modules\Stakeholders\Explorer.Stakeholders.Tests\Explorer.Stakeholders.Tests.csproj", "{63ECE080-ACAB-4719-8BED-281B877E084D}"
EndProject
Project("{9A19103F-16F7-4668-BE54-9A1E7A4F7556}") = "Explorer.Tours.Core", "Modules\Tours\Explorer.Tours.Core\Explorer.Tours.Core.csproj", "{97FFFAD1-71C8-4E9A-93DE-D5CE60E87FA5}"
EndProject
Project("{9A19103F-16F7-4668-BE54-9A1E7A4F7556}") = "Explorer.Tours.API", "Modules\Tours\Explorer.Tours.API\Explorer.Tours.API.csproj", "{1EC26004-9BCF-4E9C-8700-4E58F79757E8}"
EndProject
Project("{9A19103F-16F7-4668-BE54-9A1E7A4F7556}") = "Explorer.Tours.Infrastructure", "Modules\Tours\Explorer.Tours.Infrastructure\Explorer.Tours.Infrastructure.csproj", "{E7B9D2F1-1DCE-4498-B806-4987C5594625}"
EndProject
Project("{9A19103F-16F7-4668-BE54-9A1E7A4F7556}") = "Explorer.Tours.Tests", "Modules\Tours\Explorer.Tours.Tests\Explorer.Tours.Tests.csproj", "{19A6600A-B305-4D87-8E54-E694D95AFAB8}"
EndProject
Project("{2150E333-8FDC-42A3-9474-1A3956D46DE8}") = "Blog", "Blog", "{5590906A-4397-4E5D-AFBF-EAC492F1FB73}"
EndProject
Project("{9A19103F-16F7-4668-BE54-9A1E7A4F7556}") = "Explorer.Blog.API", "Modules\Blog\Explorer.Blog.API\Explorer.Blog.API.csproj", "{BEEEC979-6422-4AE8-9B5F-6F8D48831FE2}"
EndProject
Project("{9A19103F-16F7-4668-BE54-9A1E7A4F7556}") = "Explorer.Blog.Core", "Modules\Blog\Explorer.Blog.Core\Explorer.Blog.Core.csproj", "{C0122F54-15DC-4D5F-AC23-97D3D061EAAE}"
EndProject
Project("{9A19103F-16F7-4668-BE54-9A1E7A4F7556}") = "Explorer.Blog.Infrastructure", "Modules\Blog\Explorer.Blog.Infrastructure\Explorer.Blog.Infrastructure.csproj", "{3FC3329F-16D5-4B61-9AF9-C08731DCDD78}"
EndProject
Project("{9A19103F-16F7-4668-BE54-9A1E7A4F7556}") = "Explorer.Blog.Tests", "Modules\Blog\Explorer.Blog.Tests\Explorer.Blog.Tests.csproj", "{DF1A942F-E72F-4C8F-9E92-21C35A98087D}"
EndProject
Project("{2150E333-8FDC-42A3-9474-1A3956D46DE8}") = "Payments", "Payments", "{02EA681E-C7D8-13C7-8484-4AC65E1B71E8}"
EndProject
Project("{FAE04EC0-301F-11D3-BF4B-00C04F79EFBC}") = "Explorer.Payments.API", "Explorer.Payments.API\Explorer.Payments.API.csproj", "{FDA81FDB-7682-46A8-A3BB-FD717C1263BF}"
EndProject
Project("{FAE04EC0-301F-11D3-BF4B-00C04F79EFBC}") = "Explorer.Payments.Core", "Explorer.Payments.Core\Explorer.Payments.Core.csproj", "{DF479278-3016-45ED-9EDE-696F9BABC657}"
EndProject
Project("{FAE04EC0-301F-11D3-BF4B-00C04F79EFBC}") = "Explorer.Payments.Infrastructure", "Explorer.Payments.Infrastructure\Explorer.Payments.Infrastructure.csproj", "{1A04E155-D31A-4003-A66D-EE78884A9B01}"
EndProject
Project("{FAE04EC0-301F-11D3-BF4B-00C04F79EFBC}") = "Explorer.Payments.Tests", "Explorer.Payments.Tests\Explorer.Payments.Tests.csproj", "{BC271BA6-9217-4582-B5AB-8A1635047996}"
EndProject
Project("{2150E333-8FDC-42A3-9474-1A3956D46DE8}") = "Encounters", "Encounters", "{DF133BC7-551D-4FE0-BC89-916AD7CCA182}"
EndProject
Project("{9A19103F-16F7-4668-BE54-9A1E7A4F7556}") = "Explorer.Encounters.API", "Explorer.Encounters.API\Explorer.Encounters.API.csproj", "{6E6EDBE2-458E-4928-83EF-60705E73E8C8}"
EndProject
Project("{9A19103F-16F7-4668-BE54-9A1E7A4F7556}") = "Explorer.Encounters.Core", "Explorer.Encounters.Core\Explorer.Encounters.Core.csproj", "{3ABCF92C-7326-4276-9B50-E9699C77F5CB}"
EndProject
Project("{9A19103F-16F7-4668-BE54-9A1E7A4F7556}") = "Explorer.Encounters.Infrastructure", "Explorer.Encounters.Infrastructure\Explorer.Encounters.Infrastructure.csproj", "{251FDE63-2B45-4253-84A9-32A5C2B401D3}"
EndProject
Project("{9A19103F-16F7-4668-BE54-9A1E7A4F7556}") = "Explorer.Encounters.Tests", "Explorer.Encounters.Tests\Explorer.Encounters.Tests.csproj", "{3C4E3792-6FCA-4EF3-8ADA-EA02B37623A7}"
EndProject
Project("{2150E333-8FDC-42A3-9474-1A3956D46DE8}") = "Notes", "Notes", "{A3517131-FFEB-4D43-9868-E8CF7A6785F2}"
EndProject
Project("{FAE04EC0-301F-11D3-BF4B-00C04F79EFBC}") = "Explorer.Notes.API", "Modules\Notes\Explorer.Notes.API\Explorer.Notes.API.csproj", "{02BA33EF-993E-4719-B612-7EBF5F4FFE0F}"
EndProject
Project("{FAE04EC0-301F-11D3-BF4B-00C04F79EFBC}") = "Explorer.Notes.Core", "Modules\Notes\Explorer.Notes.Core\Explorer.Notes.Core.csproj", "{10B3930C-6E70-425B-B58A-B497F6C0F72A}"
EndProject
Project("{FAE04EC0-301F-11D3-BF4B-00C04F79EFBC}") = "Explorer.Notes.Infrastructure", "Modules\Notes\Explorer.Notes.Infrastructure\Explorer.Notes.Infrastructure.csproj", "{30AF5CF7-BE0E-4845-8B28-B3BDD5DE9108}"
EndProject
Project("{FAE04EC0-301F-11D3-BF4B-00C04F79EFBC}") = "Explorer.Notes.Tests", "Modules\Notes\Explorer.Notes.Tests\Explorer.Notes.Tests.csproj", "{DE58FC14-A2E7-4EFA-8C97-2B63CA0061DA}"
EndProject
Global
	GlobalSection(SolutionConfigurationPlatforms) = preSolution
		Debug|Any CPU = Debug|Any CPU
		Debug|x64 = Debug|x64
		Debug|x86 = Debug|x86
		Release|Any CPU = Release|Any CPU
		Release|x64 = Release|x64
		Release|x86 = Release|x86
	EndGlobalSection
	GlobalSection(ProjectConfigurationPlatforms) = postSolution
		{09748A4E-D6AB-41B0-A577-CB56F6CCB326}.Debug|Any CPU.ActiveCfg = Debug|Any CPU
		{09748A4E-D6AB-41B0-A577-CB56F6CCB326}.Debug|Any CPU.Build.0 = Debug|Any CPU
		{09748A4E-D6AB-41B0-A577-CB56F6CCB326}.Debug|x64.ActiveCfg = Debug|Any CPU
		{09748A4E-D6AB-41B0-A577-CB56F6CCB326}.Debug|x64.Build.0 = Debug|Any CPU
		{09748A4E-D6AB-41B0-A577-CB56F6CCB326}.Debug|x86.ActiveCfg = Debug|Any CPU
		{09748A4E-D6AB-41B0-A577-CB56F6CCB326}.Debug|x86.Build.0 = Debug|Any CPU
		{09748A4E-D6AB-41B0-A577-CB56F6CCB326}.Release|Any CPU.ActiveCfg = Release|Any CPU
		{09748A4E-D6AB-41B0-A577-CB56F6CCB326}.Release|Any CPU.Build.0 = Release|Any CPU
		{09748A4E-D6AB-41B0-A577-CB56F6CCB326}.Release|x64.ActiveCfg = Release|Any CPU
		{09748A4E-D6AB-41B0-A577-CB56F6CCB326}.Release|x64.Build.0 = Release|Any CPU
		{09748A4E-D6AB-41B0-A577-CB56F6CCB326}.Release|x86.ActiveCfg = Release|Any CPU
		{09748A4E-D6AB-41B0-A577-CB56F6CCB326}.Release|x86.Build.0 = Release|Any CPU
		{967EFC78-59BC-48DC-B18C-BB66F46B01A3}.Debug|Any CPU.ActiveCfg = Debug|Any CPU
		{967EFC78-59BC-48DC-B18C-BB66F46B01A3}.Debug|Any CPU.Build.0 = Debug|Any CPU
		{967EFC78-59BC-48DC-B18C-BB66F46B01A3}.Debug|x64.ActiveCfg = Debug|Any CPU
		{967EFC78-59BC-48DC-B18C-BB66F46B01A3}.Debug|x64.Build.0 = Debug|Any CPU
		{967EFC78-59BC-48DC-B18C-BB66F46B01A3}.Debug|x86.ActiveCfg = Debug|Any CPU
		{967EFC78-59BC-48DC-B18C-BB66F46B01A3}.Debug|x86.Build.0 = Debug|Any CPU
		{967EFC78-59BC-48DC-B18C-BB66F46B01A3}.Release|Any CPU.ActiveCfg = Release|Any CPU
		{967EFC78-59BC-48DC-B18C-BB66F46B01A3}.Release|Any CPU.Build.0 = Release|Any CPU
		{967EFC78-59BC-48DC-B18C-BB66F46B01A3}.Release|x64.ActiveCfg = Release|Any CPU
		{967EFC78-59BC-48DC-B18C-BB66F46B01A3}.Release|x64.Build.0 = Release|Any CPU
		{967EFC78-59BC-48DC-B18C-BB66F46B01A3}.Release|x86.ActiveCfg = Release|Any CPU
		{967EFC78-59BC-48DC-B18C-BB66F46B01A3}.Release|x86.Build.0 = Release|Any CPU
		{8ED30A23-3F22-4D13-99AE-276800F84D9C}.Debug|Any CPU.ActiveCfg = Debug|Any CPU
		{8ED30A23-3F22-4D13-99AE-276800F84D9C}.Debug|Any CPU.Build.0 = Debug|Any CPU
		{8ED30A23-3F22-4D13-99AE-276800F84D9C}.Debug|x64.ActiveCfg = Debug|Any CPU
		{8ED30A23-3F22-4D13-99AE-276800F84D9C}.Debug|x64.Build.0 = Debug|Any CPU
		{8ED30A23-3F22-4D13-99AE-276800F84D9C}.Debug|x86.ActiveCfg = Debug|Any CPU
		{8ED30A23-3F22-4D13-99AE-276800F84D9C}.Debug|x86.Build.0 = Debug|Any CPU
		{8ED30A23-3F22-4D13-99AE-276800F84D9C}.Release|Any CPU.ActiveCfg = Release|Any CPU
		{8ED30A23-3F22-4D13-99AE-276800F84D9C}.Release|Any CPU.Build.0 = Release|Any CPU
		{8ED30A23-3F22-4D13-99AE-276800F84D9C}.Release|x64.ActiveCfg = Release|Any CPU
		{8ED30A23-3F22-4D13-99AE-276800F84D9C}.Release|x64.Build.0 = Release|Any CPU
		{8ED30A23-3F22-4D13-99AE-276800F84D9C}.Release|x86.ActiveCfg = Release|Any CPU
		{8ED30A23-3F22-4D13-99AE-276800F84D9C}.Release|x86.Build.0 = Release|Any CPU
		{E5F3F9E5-4C37-4B74-A226-65A2BD4969D6}.Debug|Any CPU.ActiveCfg = Debug|Any CPU
		{E5F3F9E5-4C37-4B74-A226-65A2BD4969D6}.Debug|Any CPU.Build.0 = Debug|Any CPU
		{E5F3F9E5-4C37-4B74-A226-65A2BD4969D6}.Debug|x64.ActiveCfg = Debug|Any CPU
		{E5F3F9E5-4C37-4B74-A226-65A2BD4969D6}.Debug|x64.Build.0 = Debug|Any CPU
		{E5F3F9E5-4C37-4B74-A226-65A2BD4969D6}.Debug|x86.ActiveCfg = Debug|Any CPU
		{E5F3F9E5-4C37-4B74-A226-65A2BD4969D6}.Debug|x86.Build.0 = Debug|Any CPU
		{E5F3F9E5-4C37-4B74-A226-65A2BD4969D6}.Release|Any CPU.ActiveCfg = Release|Any CPU
		{E5F3F9E5-4C37-4B74-A226-65A2BD4969D6}.Release|Any CPU.Build.0 = Release|Any CPU
		{E5F3F9E5-4C37-4B74-A226-65A2BD4969D6}.Release|x64.ActiveCfg = Release|Any CPU
		{E5F3F9E5-4C37-4B74-A226-65A2BD4969D6}.Release|x64.Build.0 = Release|Any CPU
		{E5F3F9E5-4C37-4B74-A226-65A2BD4969D6}.Release|x86.ActiveCfg = Release|Any CPU
		{E5F3F9E5-4C37-4B74-A226-65A2BD4969D6}.Release|x86.Build.0 = Release|Any CPU
		{95D320E3-B421-43AF-B87F-D4E935540266}.Debug|Any CPU.ActiveCfg = Debug|Any CPU
		{95D320E3-B421-43AF-B87F-D4E935540266}.Debug|Any CPU.Build.0 = Debug|Any CPU
		{95D320E3-B421-43AF-B87F-D4E935540266}.Debug|x64.ActiveCfg = Debug|Any CPU
		{95D320E3-B421-43AF-B87F-D4E935540266}.Debug|x64.Build.0 = Debug|Any CPU
		{95D320E3-B421-43AF-B87F-D4E935540266}.Debug|x86.ActiveCfg = Debug|Any CPU
		{95D320E3-B421-43AF-B87F-D4E935540266}.Debug|x86.Build.0 = Debug|Any CPU
		{95D320E3-B421-43AF-B87F-D4E935540266}.Release|Any CPU.ActiveCfg = Release|Any CPU
		{95D320E3-B421-43AF-B87F-D4E935540266}.Release|Any CPU.Build.0 = Release|Any CPU
		{95D320E3-B421-43AF-B87F-D4E935540266}.Release|x64.ActiveCfg = Release|Any CPU
		{95D320E3-B421-43AF-B87F-D4E935540266}.Release|x64.Build.0 = Release|Any CPU
		{95D320E3-B421-43AF-B87F-D4E935540266}.Release|x86.ActiveCfg = Release|Any CPU
		{95D320E3-B421-43AF-B87F-D4E935540266}.Release|x86.Build.0 = Release|Any CPU
		{965EAFCE-C069-4A22-A2D6-F2795DF6EF13}.Debug|Any CPU.ActiveCfg = Debug|Any CPU
		{965EAFCE-C069-4A22-A2D6-F2795DF6EF13}.Debug|Any CPU.Build.0 = Debug|Any CPU
		{965EAFCE-C069-4A22-A2D6-F2795DF6EF13}.Debug|x64.ActiveCfg = Debug|Any CPU
		{965EAFCE-C069-4A22-A2D6-F2795DF6EF13}.Debug|x64.Build.0 = Debug|Any CPU
		{965EAFCE-C069-4A22-A2D6-F2795DF6EF13}.Debug|x86.ActiveCfg = Debug|Any CPU
		{965EAFCE-C069-4A22-A2D6-F2795DF6EF13}.Debug|x86.Build.0 = Debug|Any CPU
		{965EAFCE-C069-4A22-A2D6-F2795DF6EF13}.Release|Any CPU.ActiveCfg = Release|Any CPU
		{965EAFCE-C069-4A22-A2D6-F2795DF6EF13}.Release|Any CPU.Build.0 = Release|Any CPU
		{965EAFCE-C069-4A22-A2D6-F2795DF6EF13}.Release|x64.ActiveCfg = Release|Any CPU
		{965EAFCE-C069-4A22-A2D6-F2795DF6EF13}.Release|x64.Build.0 = Release|Any CPU
		{965EAFCE-C069-4A22-A2D6-F2795DF6EF13}.Release|x86.ActiveCfg = Release|Any CPU
		{965EAFCE-C069-4A22-A2D6-F2795DF6EF13}.Release|x86.Build.0 = Release|Any CPU
		{253D25ED-B813-4492-A6E7-E5D112013616}.Debug|Any CPU.ActiveCfg = Debug|Any CPU
		{253D25ED-B813-4492-A6E7-E5D112013616}.Debug|Any CPU.Build.0 = Debug|Any CPU
		{253D25ED-B813-4492-A6E7-E5D112013616}.Debug|x64.ActiveCfg = Debug|Any CPU
		{253D25ED-B813-4492-A6E7-E5D112013616}.Debug|x64.Build.0 = Debug|Any CPU
		{253D25ED-B813-4492-A6E7-E5D112013616}.Debug|x86.ActiveCfg = Debug|Any CPU
		{253D25ED-B813-4492-A6E7-E5D112013616}.Debug|x86.Build.0 = Debug|Any CPU
		{253D25ED-B813-4492-A6E7-E5D112013616}.Release|Any CPU.ActiveCfg = Release|Any CPU
		{253D25ED-B813-4492-A6E7-E5D112013616}.Release|Any CPU.Build.0 = Release|Any CPU
		{253D25ED-B813-4492-A6E7-E5D112013616}.Release|x64.ActiveCfg = Release|Any CPU
		{253D25ED-B813-4492-A6E7-E5D112013616}.Release|x64.Build.0 = Release|Any CPU
		{253D25ED-B813-4492-A6E7-E5D112013616}.Release|x86.ActiveCfg = Release|Any CPU
		{253D25ED-B813-4492-A6E7-E5D112013616}.Release|x86.Build.0 = Release|Any CPU
		{FBD95BC8-27D6-4071-807D-55F2F8318BEA}.Debug|Any CPU.ActiveCfg = Debug|Any CPU
		{FBD95BC8-27D6-4071-807D-55F2F8318BEA}.Debug|Any CPU.Build.0 = Debug|Any CPU
		{FBD95BC8-27D6-4071-807D-55F2F8318BEA}.Debug|x64.ActiveCfg = Debug|Any CPU
		{FBD95BC8-27D6-4071-807D-55F2F8318BEA}.Debug|x64.Build.0 = Debug|Any CPU
		{FBD95BC8-27D6-4071-807D-55F2F8318BEA}.Debug|x86.ActiveCfg = Debug|Any CPU
		{FBD95BC8-27D6-4071-807D-55F2F8318BEA}.Debug|x86.Build.0 = Debug|Any CPU
		{FBD95BC8-27D6-4071-807D-55F2F8318BEA}.Release|Any CPU.ActiveCfg = Release|Any CPU
		{FBD95BC8-27D6-4071-807D-55F2F8318BEA}.Release|Any CPU.Build.0 = Release|Any CPU
		{FBD95BC8-27D6-4071-807D-55F2F8318BEA}.Release|x64.ActiveCfg = Release|Any CPU
		{FBD95BC8-27D6-4071-807D-55F2F8318BEA}.Release|x64.Build.0 = Release|Any CPU
		{FBD95BC8-27D6-4071-807D-55F2F8318BEA}.Release|x86.ActiveCfg = Release|Any CPU
		{FBD95BC8-27D6-4071-807D-55F2F8318BEA}.Release|x86.Build.0 = Release|Any CPU
		{63ECE080-ACAB-4719-8BED-281B877E084D}.Debug|Any CPU.ActiveCfg = Debug|Any CPU
		{63ECE080-ACAB-4719-8BED-281B877E084D}.Debug|Any CPU.Build.0 = Debug|Any CPU
		{63ECE080-ACAB-4719-8BED-281B877E084D}.Debug|x64.ActiveCfg = Debug|Any CPU
		{63ECE080-ACAB-4719-8BED-281B877E084D}.Debug|x64.Build.0 = Debug|Any CPU
		{63ECE080-ACAB-4719-8BED-281B877E084D}.Debug|x86.ActiveCfg = Debug|Any CPU
		{63ECE080-ACAB-4719-8BED-281B877E084D}.Debug|x86.Build.0 = Debug|Any CPU
		{63ECE080-ACAB-4719-8BED-281B877E084D}.Release|Any CPU.ActiveCfg = Release|Any CPU
		{63ECE080-ACAB-4719-8BED-281B877E084D}.Release|Any CPU.Build.0 = Release|Any CPU
		{63ECE080-ACAB-4719-8BED-281B877E084D}.Release|x64.ActiveCfg = Release|Any CPU
		{63ECE080-ACAB-4719-8BED-281B877E084D}.Release|x64.Build.0 = Release|Any CPU
		{63ECE080-ACAB-4719-8BED-281B877E084D}.Release|x86.ActiveCfg = Release|Any CPU
		{63ECE080-ACAB-4719-8BED-281B877E084D}.Release|x86.Build.0 = Release|Any CPU
		{97FFFAD1-71C8-4E9A-93DE-D5CE60E87FA5}.Debug|Any CPU.ActiveCfg = Debug|Any CPU
		{97FFFAD1-71C8-4E9A-93DE-D5CE60E87FA5}.Debug|Any CPU.Build.0 = Debug|Any CPU
		{97FFFAD1-71C8-4E9A-93DE-D5CE60E87FA5}.Debug|x64.ActiveCfg = Debug|Any CPU
		{97FFFAD1-71C8-4E9A-93DE-D5CE60E87FA5}.Debug|x64.Build.0 = Debug|Any CPU
		{97FFFAD1-71C8-4E9A-93DE-D5CE60E87FA5}.Debug|x86.ActiveCfg = Debug|Any CPU
		{97FFFAD1-71C8-4E9A-93DE-D5CE60E87FA5}.Debug|x86.Build.0 = Debug|Any CPU
		{97FFFAD1-71C8-4E9A-93DE-D5CE60E87FA5}.Release|Any CPU.ActiveCfg = Release|Any CPU
		{97FFFAD1-71C8-4E9A-93DE-D5CE60E87FA5}.Release|Any CPU.Build.0 = Release|Any CPU
		{97FFFAD1-71C8-4E9A-93DE-D5CE60E87FA5}.Release|x64.ActiveCfg = Release|Any CPU
		{97FFFAD1-71C8-4E9A-93DE-D5CE60E87FA5}.Release|x64.Build.0 = Release|Any CPU
		{97FFFAD1-71C8-4E9A-93DE-D5CE60E87FA5}.Release|x86.ActiveCfg = Release|Any CPU
		{97FFFAD1-71C8-4E9A-93DE-D5CE60E87FA5}.Release|x86.Build.0 = Release|Any CPU
		{1EC26004-9BCF-4E9C-8700-4E58F79757E8}.Debug|Any CPU.ActiveCfg = Debug|Any CPU
		{1EC26004-9BCF-4E9C-8700-4E58F79757E8}.Debug|Any CPU.Build.0 = Debug|Any CPU
		{1EC26004-9BCF-4E9C-8700-4E58F79757E8}.Debug|x64.ActiveCfg = Debug|Any CPU
		{1EC26004-9BCF-4E9C-8700-4E58F79757E8}.Debug|x64.Build.0 = Debug|Any CPU
		{1EC26004-9BCF-4E9C-8700-4E58F79757E8}.Debug|x86.ActiveCfg = Debug|Any CPU
		{1EC26004-9BCF-4E9C-8700-4E58F79757E8}.Debug|x86.Build.0 = Debug|Any CPU
		{1EC26004-9BCF-4E9C-8700-4E58F79757E8}.Release|Any CPU.ActiveCfg = Release|Any CPU
		{1EC26004-9BCF-4E9C-8700-4E58F79757E8}.Release|Any CPU.Build.0 = Release|Any CPU
		{1EC26004-9BCF-4E9C-8700-4E58F79757E8}.Release|x64.ActiveCfg = Release|Any CPU
		{1EC26004-9BCF-4E9C-8700-4E58F79757E8}.Release|x64.Build.0 = Release|Any CPU
		{1EC26004-9BCF-4E9C-8700-4E58F79757E8}.Release|x86.ActiveCfg = Release|Any CPU
		{1EC26004-9BCF-4E9C-8700-4E58F79757E8}.Release|x86.Build.0 = Release|Any CPU
		{E7B9D2F1-1DCE-4498-B806-4987C5594625}.Debug|Any CPU.ActiveCfg = Debug|Any CPU
		{E7B9D2F1-1DCE-4498-B806-4987C5594625}.Debug|Any CPU.Build.0 = Debug|Any CPU
		{E7B9D2F1-1DCE-4498-B806-4987C5594625}.Debug|x64.ActiveCfg = Debug|Any CPU
		{E7B9D2F1-1DCE-4498-B806-4987C5594625}.Debug|x64.Build.0 = Debug|Any CPU
		{E7B9D2F1-1DCE-4498-B806-4987C5594625}.Debug|x86.ActiveCfg = Debug|Any CPU
		{E7B9D2F1-1DCE-4498-B806-4987C5594625}.Debug|x86.Build.0 = Debug|Any CPU
		{E7B9D2F1-1DCE-4498-B806-4987C5594625}.Release|Any CPU.ActiveCfg = Release|Any CPU
		{E7B9D2F1-1DCE-4498-B806-4987C5594625}.Release|Any CPU.Build.0 = Release|Any CPU
		{E7B9D2F1-1DCE-4498-B806-4987C5594625}.Release|x64.ActiveCfg = Release|Any CPU
		{E7B9D2F1-1DCE-4498-B806-4987C5594625}.Release|x64.Build.0 = Release|Any CPU
		{E7B9D2F1-1DCE-4498-B806-4987C5594625}.Release|x86.ActiveCfg = Release|Any CPU
		{E7B9D2F1-1DCE-4498-B806-4987C5594625}.Release|x86.Build.0 = Release|Any CPU
		{19A6600A-B305-4D87-8E54-E694D95AFAB8}.Debug|Any CPU.ActiveCfg = Debug|Any CPU
		{19A6600A-B305-4D87-8E54-E694D95AFAB8}.Debug|Any CPU.Build.0 = Debug|Any CPU
		{19A6600A-B305-4D87-8E54-E694D95AFAB8}.Debug|x64.ActiveCfg = Debug|Any CPU
		{19A6600A-B305-4D87-8E54-E694D95AFAB8}.Debug|x64.Build.0 = Debug|Any CPU
		{19A6600A-B305-4D87-8E54-E694D95AFAB8}.Debug|x86.ActiveCfg = Debug|Any CPU
		{19A6600A-B305-4D87-8E54-E694D95AFAB8}.Debug|x86.Build.0 = Debug|Any CPU
		{19A6600A-B305-4D87-8E54-E694D95AFAB8}.Release|Any CPU.ActiveCfg = Release|Any CPU
		{19A6600A-B305-4D87-8E54-E694D95AFAB8}.Release|Any CPU.Build.0 = Release|Any CPU
		{19A6600A-B305-4D87-8E54-E694D95AFAB8}.Release|x64.ActiveCfg = Release|Any CPU
		{19A6600A-B305-4D87-8E54-E694D95AFAB8}.Release|x64.Build.0 = Release|Any CPU
		{19A6600A-B305-4D87-8E54-E694D95AFAB8}.Release|x86.ActiveCfg = Release|Any CPU
		{19A6600A-B305-4D87-8E54-E694D95AFAB8}.Release|x86.Build.0 = Release|Any CPU
		{BEEEC979-6422-4AE8-9B5F-6F8D48831FE2}.Debug|Any CPU.ActiveCfg = Debug|Any CPU
		{BEEEC979-6422-4AE8-9B5F-6F8D48831FE2}.Debug|Any CPU.Build.0 = Debug|Any CPU
		{BEEEC979-6422-4AE8-9B5F-6F8D48831FE2}.Debug|x64.ActiveCfg = Debug|Any CPU
		{BEEEC979-6422-4AE8-9B5F-6F8D48831FE2}.Debug|x64.Build.0 = Debug|Any CPU
		{BEEEC979-6422-4AE8-9B5F-6F8D48831FE2}.Debug|x86.ActiveCfg = Debug|Any CPU
		{BEEEC979-6422-4AE8-9B5F-6F8D48831FE2}.Debug|x86.Build.0 = Debug|Any CPU
		{BEEEC979-6422-4AE8-9B5F-6F8D48831FE2}.Release|Any CPU.ActiveCfg = Release|Any CPU
		{BEEEC979-6422-4AE8-9B5F-6F8D48831FE2}.Release|Any CPU.Build.0 = Release|Any CPU
		{BEEEC979-6422-4AE8-9B5F-6F8D48831FE2}.Release|x64.ActiveCfg = Release|Any CPU
		{BEEEC979-6422-4AE8-9B5F-6F8D48831FE2}.Release|x64.Build.0 = Release|Any CPU
		{BEEEC979-6422-4AE8-9B5F-6F8D48831FE2}.Release|x86.ActiveCfg = Release|Any CPU
		{BEEEC979-6422-4AE8-9B5F-6F8D48831FE2}.Release|x86.Build.0 = Release|Any CPU
		{C0122F54-15DC-4D5F-AC23-97D3D061EAAE}.Debug|Any CPU.ActiveCfg = Debug|Any CPU
		{C0122F54-15DC-4D5F-AC23-97D3D061EAAE}.Debug|Any CPU.Build.0 = Debug|Any CPU
		{C0122F54-15DC-4D5F-AC23-97D3D061EAAE}.Debug|x64.ActiveCfg = Debug|Any CPU
		{C0122F54-15DC-4D5F-AC23-97D3D061EAAE}.Debug|x64.Build.0 = Debug|Any CPU
		{C0122F54-15DC-4D5F-AC23-97D3D061EAAE}.Debug|x86.ActiveCfg = Debug|Any CPU
		{C0122F54-15DC-4D5F-AC23-97D3D061EAAE}.Debug|x86.Build.0 = Debug|Any CPU
		{C0122F54-15DC-4D5F-AC23-97D3D061EAAE}.Release|Any CPU.ActiveCfg = Release|Any CPU
		{C0122F54-15DC-4D5F-AC23-97D3D061EAAE}.Release|Any CPU.Build.0 = Release|Any CPU
		{C0122F54-15DC-4D5F-AC23-97D3D061EAAE}.Release|x64.ActiveCfg = Release|Any CPU
		{C0122F54-15DC-4D5F-AC23-97D3D061EAAE}.Release|x64.Build.0 = Release|Any CPU
		{C0122F54-15DC-4D5F-AC23-97D3D061EAAE}.Release|x86.ActiveCfg = Release|Any CPU
		{C0122F54-15DC-4D5F-AC23-97D3D061EAAE}.Release|x86.Build.0 = Release|Any CPU
		{3FC3329F-16D5-4B61-9AF9-C08731DCDD78}.Debug|Any CPU.ActiveCfg = Debug|Any CPU
		{3FC3329F-16D5-4B61-9AF9-C08731DCDD78}.Debug|Any CPU.Build.0 = Debug|Any CPU
		{3FC3329F-16D5-4B61-9AF9-C08731DCDD78}.Debug|x64.ActiveCfg = Debug|Any CPU
		{3FC3329F-16D5-4B61-9AF9-C08731DCDD78}.Debug|x64.Build.0 = Debug|Any CPU
		{3FC3329F-16D5-4B61-9AF9-C08731DCDD78}.Debug|x86.ActiveCfg = Debug|Any CPU
		{3FC3329F-16D5-4B61-9AF9-C08731DCDD78}.Debug|x86.Build.0 = Debug|Any CPU
		{3FC3329F-16D5-4B61-9AF9-C08731DCDD78}.Release|Any CPU.ActiveCfg = Release|Any CPU
		{3FC3329F-16D5-4B61-9AF9-C08731DCDD78}.Release|Any CPU.Build.0 = Release|Any CPU
		{3FC3329F-16D5-4B61-9AF9-C08731DCDD78}.Release|x64.ActiveCfg = Release|Any CPU
		{3FC3329F-16D5-4B61-9AF9-C08731DCDD78}.Release|x64.Build.0 = Release|Any CPU
		{3FC3329F-16D5-4B61-9AF9-C08731DCDD78}.Release|x86.ActiveCfg = Release|Any CPU
		{3FC3329F-16D5-4B61-9AF9-C08731DCDD78}.Release|x86.Build.0 = Release|Any CPU
		{DF1A942F-E72F-4C8F-9E92-21C35A98087D}.Debug|Any CPU.ActiveCfg = Debug|Any CPU
		{DF1A942F-E72F-4C8F-9E92-21C35A98087D}.Debug|Any CPU.Build.0 = Debug|Any CPU
		{DF1A942F-E72F-4C8F-9E92-21C35A98087D}.Debug|x64.ActiveCfg = Debug|Any CPU
		{DF1A942F-E72F-4C8F-9E92-21C35A98087D}.Debug|x64.Build.0 = Debug|Any CPU
		{DF1A942F-E72F-4C8F-9E92-21C35A98087D}.Debug|x86.ActiveCfg = Debug|Any CPU
		{DF1A942F-E72F-4C8F-9E92-21C35A98087D}.Debug|x86.Build.0 = Debug|Any CPU
		{DF1A942F-E72F-4C8F-9E92-21C35A98087D}.Release|Any CPU.ActiveCfg = Release|Any CPU
		{DF1A942F-E72F-4C8F-9E92-21C35A98087D}.Release|Any CPU.Build.0 = Release|Any CPU
		{DF1A942F-E72F-4C8F-9E92-21C35A98087D}.Release|x64.ActiveCfg = Release|Any CPU
		{DF1A942F-E72F-4C8F-9E92-21C35A98087D}.Release|x64.Build.0 = Release|Any CPU
		{DF1A942F-E72F-4C8F-9E92-21C35A98087D}.Release|x86.ActiveCfg = Release|Any CPU
		{DF1A942F-E72F-4C8F-9E92-21C35A98087D}.Release|x86.Build.0 = Release|Any CPU
		{FDA81FDB-7682-46A8-A3BB-FD717C1263BF}.Debug|Any CPU.ActiveCfg = Debug|Any CPU
		{FDA81FDB-7682-46A8-A3BB-FD717C1263BF}.Debug|Any CPU.Build.0 = Debug|Any CPU
		{FDA81FDB-7682-46A8-A3BB-FD717C1263BF}.Debug|x64.ActiveCfg = Debug|Any CPU
		{FDA81FDB-7682-46A8-A3BB-FD717C1263BF}.Debug|x64.Build.0 = Debug|Any CPU
		{FDA81FDB-7682-46A8-A3BB-FD717C1263BF}.Debug|x86.ActiveCfg = Debug|Any CPU
		{FDA81FDB-7682-46A8-A3BB-FD717C1263BF}.Debug|x86.Build.0 = Debug|Any CPU
		{FDA81FDB-7682-46A8-A3BB-FD717C1263BF}.Release|Any CPU.ActiveCfg = Release|Any CPU
		{FDA81FDB-7682-46A8-A3BB-FD717C1263BF}.Release|Any CPU.Build.0 = Release|Any CPU
		{FDA81FDB-7682-46A8-A3BB-FD717C1263BF}.Release|x64.ActiveCfg = Release|Any CPU
		{FDA81FDB-7682-46A8-A3BB-FD717C1263BF}.Release|x64.Build.0 = Release|Any CPU
		{FDA81FDB-7682-46A8-A3BB-FD717C1263BF}.Release|x86.ActiveCfg = Release|Any CPU
		{FDA81FDB-7682-46A8-A3BB-FD717C1263BF}.Release|x86.Build.0 = Release|Any CPU
		{DF479278-3016-45ED-9EDE-696F9BABC657}.Debug|Any CPU.ActiveCfg = Debug|Any CPU
		{DF479278-3016-45ED-9EDE-696F9BABC657}.Debug|Any CPU.Build.0 = Debug|Any CPU
		{DF479278-3016-45ED-9EDE-696F9BABC657}.Debug|x64.ActiveCfg = Debug|Any CPU
		{DF479278-3016-45ED-9EDE-696F9BABC657}.Debug|x64.Build.0 = Debug|Any CPU
		{DF479278-3016-45ED-9EDE-696F9BABC657}.Debug|x86.ActiveCfg = Debug|Any CPU
		{DF479278-3016-45ED-9EDE-696F9BABC657}.Debug|x86.Build.0 = Debug|Any CPU
		{DF479278-3016-45ED-9EDE-696F9BABC657}.Release|Any CPU.ActiveCfg = Release|Any CPU
		{DF479278-3016-45ED-9EDE-696F9BABC657}.Release|Any CPU.Build.0 = Release|Any CPU
		{DF479278-3016-45ED-9EDE-696F9BABC657}.Release|x64.ActiveCfg = Release|Any CPU
		{DF479278-3016-45ED-9EDE-696F9BABC657}.Release|x64.Build.0 = Release|Any CPU
		{DF479278-3016-45ED-9EDE-696F9BABC657}.Release|x86.ActiveCfg = Release|Any CPU
		{DF479278-3016-45ED-9EDE-696F9BABC657}.Release|x86.Build.0 = Release|Any CPU
		{1A04E155-D31A-4003-A66D-EE78884A9B01}.Debug|Any CPU.ActiveCfg = Debug|Any CPU
		{1A04E155-D31A-4003-A66D-EE78884A9B01}.Debug|Any CPU.Build.0 = Debug|Any CPU
		{1A04E155-D31A-4003-A66D-EE78884A9B01}.Debug|x64.ActiveCfg = Debug|Any CPU
		{1A04E155-D31A-4003-A66D-EE78884A9B01}.Debug|x64.Build.0 = Debug|Any CPU
		{1A04E155-D31A-4003-A66D-EE78884A9B01}.Debug|x86.ActiveCfg = Debug|Any CPU
		{1A04E155-D31A-4003-A66D-EE78884A9B01}.Debug|x86.Build.0 = Debug|Any CPU
		{1A04E155-D31A-4003-A66D-EE78884A9B01}.Release|Any CPU.ActiveCfg = Release|Any CPU
		{1A04E155-D31A-4003-A66D-EE78884A9B01}.Release|Any CPU.Build.0 = Release|Any CPU
		{1A04E155-D31A-4003-A66D-EE78884A9B01}.Release|x64.ActiveCfg = Release|Any CPU
		{1A04E155-D31A-4003-A66D-EE78884A9B01}.Release|x64.Build.0 = Release|Any CPU
		{1A04E155-D31A-4003-A66D-EE78884A9B01}.Release|x86.ActiveCfg = Release|Any CPU
		{1A04E155-D31A-4003-A66D-EE78884A9B01}.Release|x86.Build.0 = Release|Any CPU
		{BC271BA6-9217-4582-B5AB-8A1635047996}.Debug|Any CPU.ActiveCfg = Debug|Any CPU
		{BC271BA6-9217-4582-B5AB-8A1635047996}.Debug|Any CPU.Build.0 = Debug|Any CPU
		{BC271BA6-9217-4582-B5AB-8A1635047996}.Debug|x64.ActiveCfg = Debug|Any CPU
		{BC271BA6-9217-4582-B5AB-8A1635047996}.Debug|x64.Build.0 = Debug|Any CPU
		{BC271BA6-9217-4582-B5AB-8A1635047996}.Debug|x86.ActiveCfg = Debug|Any CPU
		{BC271BA6-9217-4582-B5AB-8A1635047996}.Debug|x86.Build.0 = Debug|Any CPU
		{BC271BA6-9217-4582-B5AB-8A1635047996}.Release|Any CPU.ActiveCfg = Release|Any CPU
		{BC271BA6-9217-4582-B5AB-8A1635047996}.Release|Any CPU.Build.0 = Release|Any CPU
		{BC271BA6-9217-4582-B5AB-8A1635047996}.Release|x64.ActiveCfg = Release|Any CPU
		{BC271BA6-9217-4582-B5AB-8A1635047996}.Release|x64.Build.0 = Release|Any CPU
		{BC271BA6-9217-4582-B5AB-8A1635047996}.Release|x86.ActiveCfg = Release|Any CPU
		{BC271BA6-9217-4582-B5AB-8A1635047996}.Release|x86.Build.0 = Release|Any CPU
		{6E6EDBE2-458E-4928-83EF-60705E73E8C8}.Debug|Any CPU.ActiveCfg = Debug|Any CPU
		{6E6EDBE2-458E-4928-83EF-60705E73E8C8}.Debug|Any CPU.Build.0 = Debug|Any CPU
		{6E6EDBE2-458E-4928-83EF-60705E73E8C8}.Debug|x64.ActiveCfg = Debug|Any CPU
		{6E6EDBE2-458E-4928-83EF-60705E73E8C8}.Debug|x64.Build.0 = Debug|Any CPU
		{6E6EDBE2-458E-4928-83EF-60705E73E8C8}.Debug|x86.ActiveCfg = Debug|Any CPU
		{6E6EDBE2-458E-4928-83EF-60705E73E8C8}.Debug|x86.Build.0 = Debug|Any CPU
		{6E6EDBE2-458E-4928-83EF-60705E73E8C8}.Release|Any CPU.ActiveCfg = Release|Any CPU
		{6E6EDBE2-458E-4928-83EF-60705E73E8C8}.Release|Any CPU.Build.0 = Release|Any CPU
		{6E6EDBE2-458E-4928-83EF-60705E73E8C8}.Release|x64.ActiveCfg = Release|Any CPU
		{6E6EDBE2-458E-4928-83EF-60705E73E8C8}.Release|x64.Build.0 = Release|Any CPU
		{6E6EDBE2-458E-4928-83EF-60705E73E8C8}.Release|x86.ActiveCfg = Release|Any CPU
		{6E6EDBE2-458E-4928-83EF-60705E73E8C8}.Release|x86.Build.0 = Release|Any CPU
		{3ABCF92C-7326-4276-9B50-E9699C77F5CB}.Debug|Any CPU.ActiveCfg = Debug|Any CPU
		{3ABCF92C-7326-4276-9B50-E9699C77F5CB}.Debug|Any CPU.Build.0 = Debug|Any CPU
		{3ABCF92C-7326-4276-9B50-E9699C77F5CB}.Debug|x64.ActiveCfg = Debug|Any CPU
		{3ABCF92C-7326-4276-9B50-E9699C77F5CB}.Debug|x64.Build.0 = Debug|Any CPU
		{3ABCF92C-7326-4276-9B50-E9699C77F5CB}.Debug|x86.ActiveCfg = Debug|Any CPU
		{3ABCF92C-7326-4276-9B50-E9699C77F5CB}.Debug|x86.Build.0 = Debug|Any CPU
		{3ABCF92C-7326-4276-9B50-E9699C77F5CB}.Release|Any CPU.ActiveCfg = Release|Any CPU
		{3ABCF92C-7326-4276-9B50-E9699C77F5CB}.Release|Any CPU.Build.0 = Release|Any CPU
		{3ABCF92C-7326-4276-9B50-E9699C77F5CB}.Release|x64.ActiveCfg = Release|Any CPU
		{3ABCF92C-7326-4276-9B50-E9699C77F5CB}.Release|x64.Build.0 = Release|Any CPU
		{3ABCF92C-7326-4276-9B50-E9699C77F5CB}.Release|x86.ActiveCfg = Release|Any CPU
		{3ABCF92C-7326-4276-9B50-E9699C77F5CB}.Release|x86.Build.0 = Release|Any CPU
		{251FDE63-2B45-4253-84A9-32A5C2B401D3}.Debug|Any CPU.ActiveCfg = Debug|Any CPU
		{251FDE63-2B45-4253-84A9-32A5C2B401D3}.Debug|Any CPU.Build.0 = Debug|Any CPU
		{251FDE63-2B45-4253-84A9-32A5C2B401D3}.Debug|x64.ActiveCfg = Debug|Any CPU
		{251FDE63-2B45-4253-84A9-32A5C2B401D3}.Debug|x64.Build.0 = Debug|Any CPU
		{251FDE63-2B45-4253-84A9-32A5C2B401D3}.Debug|x86.ActiveCfg = Debug|Any CPU
		{251FDE63-2B45-4253-84A9-32A5C2B401D3}.Debug|x86.Build.0 = Debug|Any CPU
		{251FDE63-2B45-4253-84A9-32A5C2B401D3}.Release|Any CPU.ActiveCfg = Release|Any CPU
		{251FDE63-2B45-4253-84A9-32A5C2B401D3}.Release|Any CPU.Build.0 = Release|Any CPU
		{251FDE63-2B45-4253-84A9-32A5C2B401D3}.Release|x64.ActiveCfg = Release|Any CPU
		{251FDE63-2B45-4253-84A9-32A5C2B401D3}.Release|x64.Build.0 = Release|Any CPU
		{251FDE63-2B45-4253-84A9-32A5C2B401D3}.Release|x86.ActiveCfg = Release|Any CPU
		{251FDE63-2B45-4253-84A9-32A5C2B401D3}.Release|x86.Build.0 = Release|Any CPU
		{3C4E3792-6FCA-4EF3-8ADA-EA02B37623A7}.Debug|Any CPU.ActiveCfg = Debug|Any CPU
		{3C4E3792-6FCA-4EF3-8ADA-EA02B37623A7}.Debug|Any CPU.Build.0 = Debug|Any CPU
		{3C4E3792-6FCA-4EF3-8ADA-EA02B37623A7}.Debug|x64.ActiveCfg = Debug|Any CPU
		{3C4E3792-6FCA-4EF3-8ADA-EA02B37623A7}.Debug|x64.Build.0 = Debug|Any CPU
		{3C4E3792-6FCA-4EF3-8ADA-EA02B37623A7}.Debug|x86.ActiveCfg = Debug|Any CPU
		{3C4E3792-6FCA-4EF3-8ADA-EA02B37623A7}.Debug|x86.Build.0 = Debug|Any CPU
		{3C4E3792-6FCA-4EF3-8ADA-EA02B37623A7}.Release|Any CPU.ActiveCfg = Release|Any CPU
		{3C4E3792-6FCA-4EF3-8ADA-EA02B37623A7}.Release|Any CPU.Build.0 = Release|Any CPU
		{3C4E3792-6FCA-4EF3-8ADA-EA02B37623A7}.Release|x64.ActiveCfg = Release|Any CPU
		{3C4E3792-6FCA-4EF3-8ADA-EA02B37623A7}.Release|x64.Build.0 = Release|Any CPU
		{3C4E3792-6FCA-4EF3-8ADA-EA02B37623A7}.Release|x86.ActiveCfg = Release|Any CPU
		{3C4E3792-6FCA-4EF3-8ADA-EA02B37623A7}.Release|x86.Build.0 = Release|Any CPU
		{02BA33EF-993E-4719-B612-7EBF5F4FFE0F}.Debug|Any CPU.ActiveCfg = Debug|Any CPU
		{02BA33EF-993E-4719-B612-7EBF5F4FFE0F}.Debug|Any CPU.Build.0 = Debug|Any CPU
		{02BA33EF-993E-4719-B612-7EBF5F4FFE0F}.Debug|x64.ActiveCfg = Debug|Any CPU
		{02BA33EF-993E-4719-B612-7EBF5F4FFE0F}.Debug|x64.Build.0 = Debug|Any CPU
		{02BA33EF-993E-4719-B612-7EBF5F4FFE0F}.Debug|x86.ActiveCfg = Debug|Any CPU
		{02BA33EF-993E-4719-B612-7EBF5F4FFE0F}.Debug|x86.Build.0 = Debug|Any CPU
		{02BA33EF-993E-4719-B612-7EBF5F4FFE0F}.Release|Any CPU.ActiveCfg = Release|Any CPU
		{02BA33EF-993E-4719-B612-7EBF5F4FFE0F}.Release|Any CPU.Build.0 = Release|Any CPU
		{02BA33EF-993E-4719-B612-7EBF5F4FFE0F}.Release|x64.ActiveCfg = Release|Any CPU
		{02BA33EF-993E-4719-B612-7EBF5F4FFE0F}.Release|x64.Build.0 = Release|Any CPU
		{02BA33EF-993E-4719-B612-7EBF5F4FFE0F}.Release|x86.ActiveCfg = Release|Any CPU
		{02BA33EF-993E-4719-B612-7EBF5F4FFE0F}.Release|x86.Build.0 = Release|Any CPU
		{10B3930C-6E70-425B-B58A-B497F6C0F72A}.Debug|Any CPU.ActiveCfg = Debug|Any CPU
		{10B3930C-6E70-425B-B58A-B497F6C0F72A}.Debug|Any CPU.Build.0 = Debug|Any CPU
		{10B3930C-6E70-425B-B58A-B497F6C0F72A}.Debug|x64.ActiveCfg = Debug|Any CPU
		{10B3930C-6E70-425B-B58A-B497F6C0F72A}.Debug|x64.Build.0 = Debug|Any CPU
		{10B3930C-6E70-425B-B58A-B497F6C0F72A}.Debug|x86.ActiveCfg = Debug|Any CPU
		{10B3930C-6E70-425B-B58A-B497F6C0F72A}.Debug|x86.Build.0 = Debug|Any CPU
		{10B3930C-6E70-425B-B58A-B497F6C0F72A}.Release|Any CPU.ActiveCfg = Release|Any CPU
		{10B3930C-6E70-425B-B58A-B497F6C0F72A}.Release|Any CPU.Build.0 = Release|Any CPU
		{10B3930C-6E70-425B-B58A-B497F6C0F72A}.Release|x64.ActiveCfg = Release|Any CPU
		{10B3930C-6E70-425B-B58A-B497F6C0F72A}.Release|x64.Build.0 = Release|Any CPU
		{10B3930C-6E70-425B-B58A-B497F6C0F72A}.Release|x86.ActiveCfg = Release|Any CPU
		{10B3930C-6E70-425B-B58A-B497F6C0F72A}.Release|x86.Build.0 = Release|Any CPU
		{30AF5CF7-BE0E-4845-8B28-B3BDD5DE9108}.Debug|Any CPU.ActiveCfg = Debug|Any CPU
		{30AF5CF7-BE0E-4845-8B28-B3BDD5DE9108}.Debug|Any CPU.Build.0 = Debug|Any CPU
		{30AF5CF7-BE0E-4845-8B28-B3BDD5DE9108}.Debug|x64.ActiveCfg = Debug|Any CPU
		{30AF5CF7-BE0E-4845-8B28-B3BDD5DE9108}.Debug|x64.Build.0 = Debug|Any CPU
		{30AF5CF7-BE0E-4845-8B28-B3BDD5DE9108}.Debug|x86.ActiveCfg = Debug|Any CPU
		{30AF5CF7-BE0E-4845-8B28-B3BDD5DE9108}.Debug|x86.Build.0 = Debug|Any CPU
		{30AF5CF7-BE0E-4845-8B28-B3BDD5DE9108}.Release|Any CPU.ActiveCfg = Release|Any CPU
		{30AF5CF7-BE0E-4845-8B28-B3BDD5DE9108}.Release|Any CPU.Build.0 = Release|Any CPU
		{30AF5CF7-BE0E-4845-8B28-B3BDD5DE9108}.Release|x64.ActiveCfg = Release|Any CPU
		{30AF5CF7-BE0E-4845-8B28-B3BDD5DE9108}.Release|x64.Build.0 = Release|Any CPU
		{30AF5CF7-BE0E-4845-8B28-B3BDD5DE9108}.Release|x86.ActiveCfg = Release|Any CPU
		{30AF5CF7-BE0E-4845-8B28-B3BDD5DE9108}.Release|x86.Build.0 = Release|Any CPU
		{DE58FC14-A2E7-4EFA-8C97-2B63CA0061DA}.Debug|Any CPU.ActiveCfg = Debug|Any CPU
		{DE58FC14-A2E7-4EFA-8C97-2B63CA0061DA}.Debug|Any CPU.Build.0 = Debug|Any CPU
		{DE58FC14-A2E7-4EFA-8C97-2B63CA0061DA}.Debug|x64.ActiveCfg = Debug|Any CPU
		{DE58FC14-A2E7-4EFA-8C97-2B63CA0061DA}.Debug|x64.Build.0 = Debug|Any CPU
		{DE58FC14-A2E7-4EFA-8C97-2B63CA0061DA}.Debug|x86.ActiveCfg = Debug|Any CPU
		{DE58FC14-A2E7-4EFA-8C97-2B63CA0061DA}.Debug|x86.Build.0 = Debug|Any CPU
		{DE58FC14-A2E7-4EFA-8C97-2B63CA0061DA}.Release|Any CPU.ActiveCfg = Release|Any CPU
		{DE58FC14-A2E7-4EFA-8C97-2B63CA0061DA}.Release|Any CPU.Build.0 = Release|Any CPU
		{DE58FC14-A2E7-4EFA-8C97-2B63CA0061DA}.Release|x64.ActiveCfg = Release|Any CPU
		{DE58FC14-A2E7-4EFA-8C97-2B63CA0061DA}.Release|x64.Build.0 = Release|Any CPU
		{DE58FC14-A2E7-4EFA-8C97-2B63CA0061DA}.Release|x86.ActiveCfg = Release|Any CPU
		{DE58FC14-A2E7-4EFA-8C97-2B63CA0061DA}.Release|x86.Build.0 = Release|Any CPU
	EndGlobalSection
	GlobalSection(SolutionProperties) = preSolution
		HideSolutionNode = FALSE
	EndGlobalSection
	GlobalSection(NestedProjects) = preSolution
		{967EFC78-59BC-48DC-B18C-BB66F46B01A3} = {24B0B2F7-FD33-42E5-889E-5CC7E46D1773}
		{8ED30A23-3F22-4D13-99AE-276800F84D9C} = {24B0B2F7-FD33-42E5-889E-5CC7E46D1773}
		{E5F3F9E5-4C37-4B74-A226-65A2BD4969D6} = {24B0B2F7-FD33-42E5-889E-5CC7E46D1773}
		{8E6E6CF9-868D-405D-8626-88248F9F611D} = {B8BD4B35-C40B-4BC6-9A8D-7FBE215FD1CE}
		{C112C1F7-8B7E-48A9-BAA6-A09BE0ECAC3A} = {B8BD4B35-C40B-4BC6-9A8D-7FBE215FD1CE}
		{965EAFCE-C069-4A22-A2D6-F2795DF6EF13} = {C112C1F7-8B7E-48A9-BAA6-A09BE0ECAC3A}
		{253D25ED-B813-4492-A6E7-E5D112013616} = {C112C1F7-8B7E-48A9-BAA6-A09BE0ECAC3A}
		{FBD95BC8-27D6-4071-807D-55F2F8318BEA} = {C112C1F7-8B7E-48A9-BAA6-A09BE0ECAC3A}
		{63ECE080-ACAB-4719-8BED-281B877E084D} = {C112C1F7-8B7E-48A9-BAA6-A09BE0ECAC3A}
		{97FFFAD1-71C8-4E9A-93DE-D5CE60E87FA5} = {8E6E6CF9-868D-405D-8626-88248F9F611D}
		{1EC26004-9BCF-4E9C-8700-4E58F79757E8} = {8E6E6CF9-868D-405D-8626-88248F9F611D}
		{E7B9D2F1-1DCE-4498-B806-4987C5594625} = {8E6E6CF9-868D-405D-8626-88248F9F611D}
		{19A6600A-B305-4D87-8E54-E694D95AFAB8} = {8E6E6CF9-868D-405D-8626-88248F9F611D}
		{5590906A-4397-4E5D-AFBF-EAC492F1FB73} = {B8BD4B35-C40B-4BC6-9A8D-7FBE215FD1CE}
		{BEEEC979-6422-4AE8-9B5F-6F8D48831FE2} = {5590906A-4397-4E5D-AFBF-EAC492F1FB73}
		{C0122F54-15DC-4D5F-AC23-97D3D061EAAE} = {5590906A-4397-4E5D-AFBF-EAC492F1FB73}
		{3FC3329F-16D5-4B61-9AF9-C08731DCDD78} = {5590906A-4397-4E5D-AFBF-EAC492F1FB73}
		{DF1A942F-E72F-4C8F-9E92-21C35A98087D} = {5590906A-4397-4E5D-AFBF-EAC492F1FB73}
		{02EA681E-C7D8-13C7-8484-4AC65E1B71E8} = {B8BD4B35-C40B-4BC6-9A8D-7FBE215FD1CE}
		{FDA81FDB-7682-46A8-A3BB-FD717C1263BF} = {02EA681E-C7D8-13C7-8484-4AC65E1B71E8}
		{DF479278-3016-45ED-9EDE-696F9BABC657} = {02EA681E-C7D8-13C7-8484-4AC65E1B71E8}
		{1A04E155-D31A-4003-A66D-EE78884A9B01} = {02EA681E-C7D8-13C7-8484-4AC65E1B71E8}
		{BC271BA6-9217-4582-B5AB-8A1635047996} = {02EA681E-C7D8-13C7-8484-4AC65E1B71E8}
		{6E6EDBE2-458E-4928-83EF-60705E73E8C8} = {02EA681E-C7D8-13C7-8484-4AC65E1B71E8}
		{3ABCF92C-7326-4276-9B50-E9699C77F5CB} = {02EA681E-C7D8-13C7-8484-4AC65E1B71E8}
		{251FDE63-2B45-4253-84A9-32A5C2B401D3} = {02EA681E-C7D8-13C7-8484-4AC65E1B71E8}
		{3C4E3792-6FCA-4EF3-8ADA-EA02B37623A7} = {02EA681E-C7D8-13C7-8484-4AC65E1B71E8}
		{A3517131-FFEB-4D43-9868-E8CF7A6785F2} = {B8BD4B35-C40B-4BC6-9A8D-7FBE215FD1CE}
		{02BA33EF-993E-4719-B612-7EBF5F4FFE0F} = {A3517131-FFEB-4D43-9868-E8CF7A6785F2}
		{10B3930C-6E70-425B-B58A-B497F6C0F72A} = {A3517131-FFEB-4D43-9868-E8CF7A6785F2}
		{30AF5CF7-BE0E-4845-8B28-B3BDD5DE9108} = {A3517131-FFEB-4D43-9868-E8CF7A6785F2}
		{DE58FC14-A2E7-4EFA-8C97-2B63CA0061DA} = {A3517131-FFEB-4D43-9868-E8CF7A6785F2}
	EndGlobalSection
	GlobalSection(ExtensibilityGlobals) = postSolution
		SolutionGuid = {C378FE87-3A2E-4BB0-8E39-FB8767789244}
	EndGlobalSection
EndGlobal
